
Microsoft Visual Studio Solution File, Format Version 12.00
# Visual Studio Version 17
VisualStudioVersion = 17.4.33213.308
MinimumVisualStudioVersion = 10.0.40219.1
Project("{FAE04EC0-301F-11D3-BF4B-00C04F79EFBC}") = "ShoppingCart", "ShoppingCart\ShoppingCart.csproj", "{CC122CA8-048A-43CF-982D-A8D1751874E8}"
EndProject
Global
	GlobalSection(SolutionConfigurationPlatforms) = preSolution
		Debug|Any CPU = Debug|Any CPU
		Release|Any CPU = Release|Any CPU
	EndGlobalSection
	GlobalSection(ProjectConfigurationPlatforms) = postSolution
		{CC122CA8-048A-43CF-982D-A8D1751874E8}.Debug|Any CPU.ActiveCfg = Debug|Any CPU
		{CC122CA8-048A-43CF-982D-A8D1751874E8}.Debug|Any CPU.Build.0 = Debug|Any CPU
		{CC122CA8-048A-43CF-982D-A8D1751874E8}.Release|Any CPU.ActiveCfg = Release|Any CPU
		{CC122CA8-048A-43CF-982D-A8D1751874E8}.Release|Any CPU.Build.0 = Release|Any CPU
	EndGlobalSection
	GlobalSection(SolutionProperties) = preSolution
		HideSolutionNode = FALSE
	EndGlobalSection
	GlobalSection(ExtensibilityGlobals) = postSolution
		SolutionGuid = {23CBC8F6-815A-4691-9331-AD0F91E3BE0C}
	EndGlobalSection
EndGlobal
